// !$*UTF8*$!
{
	archiveVersion = 1;
	classes = {
	};
	objectVersion = 56;
	objects = {

/* Begin PBXBuildFile section */
		0A281AA42945EE69004A8D88 /* ResolutionaryApp.swift in Sources */ = {isa = PBXBuildFile; fileRef = 0A281AA32945EE69004A8D88 /* ResolutionaryApp.swift */; };
		0A281AA62945EE69004A8D88 /* ContentView.swift in Sources */ = {isa = PBXBuildFile; fileRef = 0A281AA52945EE69004A8D88 /* ContentView.swift */; };
		0A281AA82945EE6C004A8D88 /* Assets.xcassets in Resources */ = {isa = PBXBuildFile; fileRef = 0A281AA72945EE6C004A8D88 /* Assets.xcassets */; };
		0A281AAB2945EE6C004A8D88 /* Preview Assets.xcassets in Resources */ = {isa = PBXBuildFile; fileRef = 0A281AAA2945EE6C004A8D88 /* Preview Assets.xcassets */; };
		0A281AB52945EE6C004A8D88 /* ResolutionaryTests.swift in Sources */ = {isa = PBXBuildFile; fileRef = 0A281AB42945EE6C004A8D88 /* ResolutionaryTests.swift */; };
		0A281ABF2945EE6C004A8D88 /* ResolutionaryUITests.swift in Sources */ = {isa = PBXBuildFile; fileRef = 0A281ABE2945EE6C004A8D88 /* ResolutionaryUITests.swift */; };
		0A281AC12945EE6C004A8D88 /* ResolutionaryUITestsLaunchTests.swift in Sources */ = {isa = PBXBuildFile; fileRef = 0A281AC02945EE6C004A8D88 /* ResolutionaryUITestsLaunchTests.swift */; };
		0A281ACE2945F30B004A8D88 /* ProgressBar.swift in Sources */ = {isa = PBXBuildFile; fileRef = 0A281ACD2945F30A004A8D88 /* ProgressBar.swift */; };
		0A281AD029467734004A8D88 /* Assistant.swift in Sources */ = {isa = PBXBuildFile; fileRef = 0A281ACF29467734004A8D88 /* Assistant.swift */; };
		0A281AD229467760004A8D88 /* APIKey.swift in Sources */ = {isa = PBXBuildFile; fileRef = 0A281AD129467760004A8D88 /* APIKey.swift */; };
		0A281AD429467784004A8D88 /* Buttons.swift in Sources */ = {isa = PBXBuildFile; fileRef = 0A281AD329467784004A8D88 /* Buttons.swift */; };
		0A281AD6294677A1004A8D88 /* LoadingSymbol.swift in Sources */ = {isa = PBXBuildFile; fileRef = 0A281AD5294677A1004A8D88 /* LoadingSymbol.swift */; };
		0A281AD829467804004A8D88 /* Main.swift in Sources */ = {isa = PBXBuildFile; fileRef = 0A281AD729467804004A8D88 /* Main.swift */; };
		0A281ADA2946A152004A8D88 /* Onboarding.swift in Sources */ = {isa = PBXBuildFile; fileRef = 0A281AD92946A152004A8D88 /* Onboarding.swift */; };
		0A42147829493B2800B7B920 /* GoalList.swift in Sources */ = {isa = PBXBuildFile; fileRef = 0A42147729493B2800B7B920 /* GoalList.swift */; };
		0A42147A29493B6C00B7B920 /* AssistantLink.swift in Sources */ = {isa = PBXBuildFile; fileRef = 0A42147929493B6C00B7B920 /* AssistantLink.swift */; };
		0A5C8431294EA1D20020481E /* BuyCredits.swift in Sources */ = {isa = PBXBuildFile; fileRef = 0A5C8430294EA1D20020481E /* BuyCredits.swift */; };
		0A5C8433294EA4CF0020481E /* ChatArt.swift in Sources */ = {isa = PBXBuildFile; fileRef = 0A5C8432294EA4CF0020481E /* ChatArt.swift */; };
/* End PBXBuildFile section */

/* Begin PBXContainerItemProxy section */
		0A281AB12945EE6C004A8D88 /* PBXContainerItemProxy */ = {
			isa = PBXContainerItemProxy;
			containerPortal = 0A281A982945EE69004A8D88 /* Project object */;
			proxyType = 1;
			remoteGlobalIDString = 0A281A9F2945EE69004A8D88;
			remoteInfo = Resolutionary;
		};
		0A281ABB2945EE6C004A8D88 /* PBXContainerItemProxy */ = {
			isa = PBXContainerItemProxy;
			containerPortal = 0A281A982945EE69004A8D88 /* Project object */;
			proxyType = 1;
			remoteGlobalIDString = 0A281A9F2945EE69004A8D88;
			remoteInfo = Resolutionary;
		};
/* End PBXContainerItemProxy section */

/* Begin PBXFileReference section */
		0A281AA02945EE69004A8D88 /* Resolutionary.app */ = {isa = PBXFileReference; explicitFileType = wrapper.application; includeInIndex = 0; path = Resolutionary.app; sourceTree = BUILT_PRODUCTS_DIR; };
		0A281AA32945EE69004A8D88 /* ResolutionaryApp.swift */ = {isa = PBXFileReference; lastKnownFileType = sourcecode.swift; path = ResolutionaryApp.swift; sourceTree = "<group>"; };
		0A281AA52945EE69004A8D88 /* ContentView.swift */ = {isa = PBXFileReference; lastKnownFileType = sourcecode.swift; path = ContentView.swift; sourceTree = "<group>"; };
		0A281AA72945EE6C004A8D88 /* Assets.xcassets */ = {isa = PBXFileReference; lastKnownFileType = folder.assetcatalog; path = Assets.xcassets; sourceTree = "<group>"; };
		0A281AAA2945EE6C004A8D88 /* Preview Assets.xcassets */ = {isa = PBXFileReference; lastKnownFileType = folder.assetcatalog; path = "Preview Assets.xcassets"; sourceTree = "<group>"; };
		0A281AB02945EE6C004A8D88 /* ResolutionaryTests.xctest */ = {isa = PBXFileReference; explicitFileType = wrapper.cfbundle; includeInIndex = 0; path = ResolutionaryTests.xctest; sourceTree = BUILT_PRODUCTS_DIR; };
		0A281AB42945EE6C004A8D88 /* ResolutionaryTests.swift */ = {isa = PBXFileReference; lastKnownFileType = sourcecode.swift; path = ResolutionaryTests.swift; sourceTree = "<group>"; };
		0A281ABA2945EE6C004A8D88 /* ResolutionaryUITests.xctest */ = {isa = PBXFileReference; explicitFileType = wrapper.cfbundle; includeInIndex = 0; path = ResolutionaryUITests.xctest; sourceTree = BUILT_PRODUCTS_DIR; };
		0A281ABE2945EE6C004A8D88 /* ResolutionaryUITests.swift */ = {isa = PBXFileReference; lastKnownFileType = sourcecode.swift; path = ResolutionaryUITests.swift; sourceTree = "<group>"; };
		0A281AC02945EE6C004A8D88 /* ResolutionaryUITestsLaunchTests.swift */ = {isa = PBXFileReference; lastKnownFileType = sourcecode.swift; path = ResolutionaryUITestsLaunchTests.swift; sourceTree = "<group>"; };
		0A281ACD2945F30A004A8D88 /* ProgressBar.swift */ = {isa = PBXFileReference; lastKnownFileType = sourcecode.swift; path = ProgressBar.swift; sourceTree = "<group>"; };
		0A281ACF29467734004A8D88 /* Assistant.swift */ = {isa = PBXFileReference; lastKnownFileType = sourcecode.swift; path = Assistant.swift; sourceTree = "<group>"; };
		0A281AD129467760004A8D88 /* APIKey.swift */ = {isa = PBXFileReference; lastKnownFileType = sourcecode.swift; path = APIKey.swift; sourceTree = "<group>"; };
		0A281AD329467784004A8D88 /* Buttons.swift */ = {isa = PBXFileReference; lastKnownFileType = sourcecode.swift; path = Buttons.swift; sourceTree = "<group>"; };
		0A281AD5294677A1004A8D88 /* LoadingSymbol.swift */ = {isa = PBXFileReference; lastKnownFileType = sourcecode.swift; path = LoadingSymbol.swift; sourceTree = "<group>"; };
		0A281AD729467804004A8D88 /* Main.swift */ = {isa = PBXFileReference; lastKnownFileType = sourcecode.swift; path = Main.swift; sourceTree = "<group>"; };
		0A281AD92946A152004A8D88 /* Onboarding.swift */ = {isa = PBXFileReference; lastKnownFileType = sourcecode.swift; path = Onboarding.swift; sourceTree = "<group>"; };
		0A42147729493B2800B7B920 /* GoalList.swift */ = {isa = PBXFileReference; lastKnownFileType = sourcecode.swift; path = GoalList.swift; sourceTree = "<group>"; };
		0A42147929493B6C00B7B920 /* AssistantLink.swift */ = {isa = PBXFileReference; lastKnownFileType = sourcecode.swift; path = AssistantLink.swift; sourceTree = "<group>"; };
		0A5C8430294EA1D20020481E /* BuyCredits.swift */ = {isa = PBXFileReference; lastKnownFileType = sourcecode.swift; path = BuyCredits.swift; sourceTree = "<group>"; };
		0A5C8432294EA4CF0020481E /* ChatArt.swift */ = {isa = PBXFileReference; lastKnownFileType = sourcecode.swift; path = ChatArt.swift; sourceTree = "<group>"; };
/* End PBXFileReference section */

/* Begin PBXFrameworksBuildPhase section */
		0A281A9D2945EE69004A8D88 /* Frameworks */ = {
			isa = PBXFrameworksBuildPhase;
			buildActionMask = 2147483647;
			files = (
			);
			runOnlyForDeploymentPostprocessing = 0;
		};
		0A281AAD2945EE6C004A8D88 /* Frameworks */ = {
			isa = PBXFrameworksBuildPhase;
			buildActionMask = 2147483647;
			files = (
			);
			runOnlyForDeploymentPostprocessing = 0;
		};
		0A281AB72945EE6C004A8D88 /* Frameworks */ = {
			isa = PBXFrameworksBuildPhase;
			buildActionMask = 2147483647;
			files = (
			);
			runOnlyForDeploymentPostprocessing = 0;
		};
/* End PBXFrameworksBuildPhase section */

/* Begin PBXGroup section */
		0A281A972945EE69004A8D88 = {
			isa = PBXGroup;
			children = (
				0A281AA22945EE69004A8D88 /* Resolutionary */,
				0A281AB32945EE6C004A8D88 /* ResolutionaryTests */,
				0A281ABD2945EE6C004A8D88 /* ResolutionaryUITests */,
				0A281AA12945EE69004A8D88 /* Products */,
			);
			sourceTree = "<group>";
		};
		0A281AA12945EE69004A8D88 /* Products */ = {
			isa = PBXGroup;
			children = (
				0A281AA02945EE69004A8D88 /* Resolutionary.app */,
				0A281AB02945EE6C004A8D88 /* ResolutionaryTests.xctest */,
				0A281ABA2945EE6C004A8D88 /* ResolutionaryUITests.xctest */,
			);
			name = Products;
			sourceTree = "<group>";
		};
		0A281AA22945EE69004A8D88 /* Resolutionary */ = {
			isa = PBXGroup;
			children = (
				0A281AD129467760004A8D88 /* APIKey.swift */,
				0A281AA32945EE69004A8D88 /* ResolutionaryApp.swift */,
				0A281AA52945EE69004A8D88 /* ContentView.swift */,
				0A281AD729467804004A8D88 /* Main.swift */,
				0A42147B29493C5200B7B920 /* Main Items */,
				0A281AD92946A152004A8D88 /* Onboarding.swift */,
				0A281ACF29467734004A8D88 /* Assistant.swift */,
				0A5C8430294EA1D20020481E /* BuyCredits.swift */,
				0A5C8432294EA4CF0020481E /* ChatArt.swift */,
				0A281AD329467784004A8D88 /* Buttons.swift */,
				0A281AD5294677A1004A8D88 /* LoadingSymbol.swift */,
				0A281AA72945EE6C004A8D88 /* Assets.xcassets */,
				0A281AA92945EE6C004A8D88 /* Preview Content */,
			);
			path = Resolutionary;
			sourceTree = "<group>";
		};
		0A281AA92945EE6C004A8D88 /* Preview Content */ = {
			isa = PBXGroup;
			children = (
				0A281AAA2945EE6C004A8D88 /* Preview Assets.xcassets */,
			);
			path = "Preview Content";
			sourceTree = "<group>";
		};
		0A281AB32945EE6C004A8D88 /* ResolutionaryTests */ = {
			isa = PBXGroup;
			children = (
				0A281AB42945EE6C004A8D88 /* ResolutionaryTests.swift */,
			);
			path = ResolutionaryTests;
			sourceTree = "<group>";
		};
		0A281ABD2945EE6C004A8D88 /* ResolutionaryUITests */ = {
			isa = PBXGroup;
			children = (
				0A281ABE2945EE6C004A8D88 /* ResolutionaryUITests.swift */,
				0A281AC02945EE6C004A8D88 /* ResolutionaryUITestsLaunchTests.swift */,
			);
			path = ResolutionaryUITests;
			sourceTree = "<group>";
		};
		0A42147B29493C5200B7B920 /* Main Items */ = {
			isa = PBXGroup;
			children = (
				0A281ACD2945F30A004A8D88 /* ProgressBar.swift */,
				0A42147729493B2800B7B920 /* GoalList.swift */,
				0A42147929493B6C00B7B920 /* AssistantLink.swift */,
			);
			path = "Main Items";
			sourceTree = "<group>";
		};
/* End PBXGroup section */

/* Begin PBXNativeTarget section */
		0A281A9F2945EE69004A8D88 /* Resolutionary */ = {
			isa = PBXNativeTarget;
			buildConfigurationList = 0A281AC42945EE6C004A8D88 /* Build configuration list for PBXNativeTarget "Resolutionary" */;
			buildPhases = (
				0A281A9C2945EE69004A8D88 /* Sources */,
				0A281A9D2945EE69004A8D88 /* Frameworks */,
				0A281A9E2945EE69004A8D88 /* Resources */,
			);
			buildRules = (
			);
			dependencies = (
			);
			name = Resolutionary;
			productName = Resolutionary;
			productReference = 0A281AA02945EE69004A8D88 /* Resolutionary.app */;
			productType = "com.apple.product-type.application";
		};
		0A281AAF2945EE6C004A8D88 /* ResolutionaryTests */ = {
			isa = PBXNativeTarget;
			buildConfigurationList = 0A281AC72945EE6C004A8D88 /* Build configuration list for PBXNativeTarget "ResolutionaryTests" */;
			buildPhases = (
				0A281AAC2945EE6C004A8D88 /* Sources */,
				0A281AAD2945EE6C004A8D88 /* Frameworks */,
				0A281AAE2945EE6C004A8D88 /* Resources */,
			);
			buildRules = (
			);
			dependencies = (
				0A281AB22945EE6C004A8D88 /* PBXTargetDependency */,
			);
			name = ResolutionaryTests;
			productName = ResolutionaryTests;
			productReference = 0A281AB02945EE6C004A8D88 /* ResolutionaryTests.xctest */;
			productType = "com.apple.product-type.bundle.unit-test";
		};
		0A281AB92945EE6C004A8D88 /* ResolutionaryUITests */ = {
			isa = PBXNativeTarget;
			buildConfigurationList = 0A281ACA2945EE6C004A8D88 /* Build configuration list for PBXNativeTarget "ResolutionaryUITests" */;
			buildPhases = (
				0A281AB62945EE6C004A8D88 /* Sources */,
				0A281AB72945EE6C004A8D88 /* Frameworks */,
				0A281AB82945EE6C004A8D88 /* Resources */,
			);
			buildRules = (
			);
			dependencies = (
				0A281ABC2945EE6C004A8D88 /* PBXTargetDependency */,
			);
			name = ResolutionaryUITests;
			productName = ResolutionaryUITests;
			productReference = 0A281ABA2945EE6C004A8D88 /* ResolutionaryUITests.xctest */;
			productType = "com.apple.product-type.bundle.ui-testing";
		};
/* End PBXNativeTarget section */

/* Begin PBXProject section */
		0A281A982945EE69004A8D88 /* Project object */ = {
			isa = PBXProject;
			attributes = {
				BuildIndependentTargetsInParallel = 1;
				LastSwiftUpdateCheck = 1400;
				LastUpgradeCheck = 1400;
				TargetAttributes = {
					0A281A9F2945EE69004A8D88 = {
						CreatedOnToolsVersion = 14.0;
					};
					0A281AAF2945EE6C004A8D88 = {
						CreatedOnToolsVersion = 14.0;
						TestTargetID = 0A281A9F2945EE69004A8D88;
					};
					0A281AB92945EE6C004A8D88 = {
						CreatedOnToolsVersion = 14.0;
						TestTargetID = 0A281A9F2945EE69004A8D88;
					};
				};
			};
			buildConfigurationList = 0A281A9B2945EE69004A8D88 /* Build configuration list for PBXProject "Resolutionary" */;
			compatibilityVersion = "Xcode 14.0";
			developmentRegion = en;
			hasScannedForEncodings = 0;
			knownRegions = (
				en,
				Base,
			);
			mainGroup = 0A281A972945EE69004A8D88;
			productRefGroup = 0A281AA12945EE69004A8D88 /* Products */;
			projectDirPath = "";
			projectRoot = "";
			targets = (
				0A281A9F2945EE69004A8D88 /* Resolutionary */,
				0A281AAF2945EE6C004A8D88 /* ResolutionaryTests */,
				0A281AB92945EE6C004A8D88 /* ResolutionaryUITests */,
			);
		};
/* End PBXProject section */

/* Begin PBXResourcesBuildPhase section */
		0A281A9E2945EE69004A8D88 /* Resources */ = {
			isa = PBXResourcesBuildPhase;
			buildActionMask = 2147483647;
			files = (
				0A281AAB2945EE6C004A8D88 /* Preview Assets.xcassets in Resources */,
				0A281AA82945EE6C004A8D88 /* Assets.xcassets in Resources */,
			);
			runOnlyForDeploymentPostprocessing = 0;
		};
		0A281AAE2945EE6C004A8D88 /* Resources */ = {
			isa = PBXResourcesBuildPhase;
			buildActionMask = 2147483647;
			files = (
			);
			runOnlyForDeploymentPostprocessing = 0;
		};
		0A281AB82945EE6C004A8D88 /* Resources */ = {
			isa = PBXResourcesBuildPhase;
			buildActionMask = 2147483647;
			files = (
			);
			runOnlyForDeploymentPostprocessing = 0;
		};
/* End PBXResourcesBuildPhase section */

/* Begin PBXSourcesBuildPhase section */
		0A281A9C2945EE69004A8D88 /* Sources */ = {
			isa = PBXSourcesBuildPhase;
			buildActionMask = 2147483647;
			files = (
				0A42147829493B2800B7B920 /* GoalList.swift in Sources */,
				0A281ADA2946A152004A8D88 /* Onboarding.swift in Sources */,
				0A281AD6294677A1004A8D88 /* LoadingSymbol.swift in Sources */,
				0A281AD029467734004A8D88 /* Assistant.swift in Sources */,
				0A281AD829467804004A8D88 /* Main.swift in Sources */,
				0A281AA62945EE69004A8D88 /* ContentView.swift in Sources */,
				0A281ACE2945F30B004A8D88 /* ProgressBar.swift in Sources */,
				0A281AD429467784004A8D88 /* Buttons.swift in Sources */,
				0A5C8433294EA4CF0020481E /* ChatArt.swift in Sources */,
				0A281AA42945EE69004A8D88 /* ResolutionaryApp.swift in Sources */,
				0A5C8431294EA1D20020481E /* BuyCredits.swift in Sources */,
				0A281AD229467760004A8D88 /* APIKey.swift in Sources */,
				0A42147A29493B6C00B7B920 /* AssistantLink.swift in Sources */,
			);
			runOnlyForDeploymentPostprocessing = 0;
		};
		0A281AAC2945EE6C004A8D88 /* Sources */ = {
			isa = PBXSourcesBuildPhase;
			buildActionMask = 2147483647;
			files = (
				0A281AB52945EE6C004A8D88 /* ResolutionaryTests.swift in Sources */,
			);
			runOnlyForDeploymentPostprocessing = 0;
		};
		0A281AB62945EE6C004A8D88 /* Sources */ = {
			isa = PBXSourcesBuildPhase;
			buildActionMask = 2147483647;
			files = (
				0A281ABF2945EE6C004A8D88 /* ResolutionaryUITests.swift in Sources */,
				0A281AC12945EE6C004A8D88 /* ResolutionaryUITestsLaunchTests.swift in Sources */,
			);
			runOnlyForDeploymentPostprocessing = 0;
		};
/* End PBXSourcesBuildPhase section */

/* Begin PBXTargetDependency section */
		0A281AB22945EE6C004A8D88 /* PBXTargetDependency */ = {
			isa = PBXTargetDependency;
			target = 0A281A9F2945EE69004A8D88 /* Resolutionary */;
			targetProxy = 0A281AB12945EE6C004A8D88 /* PBXContainerItemProxy */;
		};
		0A281ABC2945EE6C004A8D88 /* PBXTargetDependency */ = {
			isa = PBXTargetDependency;
			target = 0A281A9F2945EE69004A8D88 /* Resolutionary */;
			targetProxy = 0A281ABB2945EE6C004A8D88 /* PBXContainerItemProxy */;
		};
/* End PBXTargetDependency section */

/* Begin XCBuildConfiguration section */
		0A281AC22945EE6C004A8D88 /* Debug */ = {
			isa = XCBuildConfiguration;
			buildSettings = {
				ALWAYS_SEARCH_USER_PATHS = NO;
				CLANG_ANALYZER_NONNULL = YES;
				CLANG_ANALYZER_NUMBER_OBJECT_CONVERSION = YES_AGGRESSIVE;
				CLANG_CXX_LANGUAGE_STANDARD = "gnu++20";
				CLANG_ENABLE_MODULES = YES;
				CLANG_ENABLE_OBJC_ARC = YES;
				CLANG_ENABLE_OBJC_WEAK = YES;
				CLANG_WARN_BLOCK_CAPTURE_AUTORELEASING = YES;
				CLANG_WARN_BOOL_CONVERSION = YES;
				CLANG_WARN_COMMA = YES;
				CLANG_WARN_CONSTANT_CONVERSION = YES;
				CLANG_WARN_DEPRECATED_OBJC_IMPLEMENTATIONS = YES;
				CLANG_WARN_DIRECT_OBJC_ISA_USAGE = YES_ERROR;
				CLANG_WARN_DOCUMENTATION_COMMENTS = YES;
				CLANG_WARN_EMPTY_BODY = YES;
				CLANG_WARN_ENUM_CONVERSION = YES;
				CLANG_WARN_INFINITE_RECURSION = YES;
				CLANG_WARN_INT_CONVERSION = YES;
				CLANG_WARN_NON_LITERAL_NULL_CONVERSION = YES;
				CLANG_WARN_OBJC_IMPLICIT_RETAIN_SELF = YES;
				CLANG_WARN_OBJC_LITERAL_CONVERSION = YES;
				CLANG_WARN_OBJC_ROOT_CLASS = YES_ERROR;
				CLANG_WARN_QUOTED_INCLUDE_IN_FRAMEWORK_HEADER = YES;
				CLANG_WARN_RANGE_LOOP_ANALYSIS = YES;
				CLANG_WARN_STRICT_PROTOTYPES = YES;
				CLANG_WARN_SUSPICIOUS_MOVE = YES;
				CLANG_WARN_UNGUARDED_AVAILABILITY = YES_AGGRESSIVE;
				CLANG_WARN_UNREACHABLE_CODE = YES;
				CLANG_WARN__DUPLICATE_METHOD_MATCH = YES;
				COPY_PHASE_STRIP = NO;
				DEBUG_INFORMATION_FORMAT = dwarf;
				ENABLE_STRICT_OBJC_MSGSEND = YES;
				ENABLE_TESTABILITY = YES;
				GCC_C_LANGUAGE_STANDARD = gnu11;
				GCC_DYNAMIC_NO_PIC = NO;
				GCC_NO_COMMON_BLOCKS = YES;
				GCC_OPTIMIZATION_LEVEL = 0;
				GCC_PREPROCESSOR_DEFINITIONS = (
					"DEBUG=1",
					"$(inherited)",
				);
				GCC_WARN_64_TO_32_BIT_CONVERSION = YES;
				GCC_WARN_ABOUT_RETURN_TYPE = YES_ERROR;
				GCC_WARN_UNDECLARED_SELECTOR = YES;
				GCC_WARN_UNINITIALIZED_AUTOS = YES_AGGRESSIVE;
				GCC_WARN_UNUSED_FUNCTION = YES;
				GCC_WARN_UNUSED_VARIABLE = YES;
				IPHONEOS_DEPLOYMENT_TARGET = 16.0;
				MTL_ENABLE_DEBUG_INFO = INCLUDE_SOURCE;
				MTL_FAST_MATH = YES;
				ONLY_ACTIVE_ARCH = YES;
				SDKROOT = iphoneos;
				SWIFT_ACTIVE_COMPILATION_CONDITIONS = DEBUG;
				SWIFT_OPTIMIZATION_LEVEL = "-Onone";
			};
			name = Debug;
		};
		0A281AC32945EE6C004A8D88 /* Release */ = {
			isa = XCBuildConfiguration;
			buildSettings = {
				ALWAYS_SEARCH_USER_PATHS = NO;
				CLANG_ANALYZER_NONNULL = YES;
				CLANG_ANALYZER_NUMBER_OBJECT_CONVERSION = YES_AGGRESSIVE;
				CLANG_CXX_LANGUAGE_STANDARD = "gnu++20";
				CLANG_ENABLE_MODULES = YES;
				CLANG_ENABLE_OBJC_ARC = YES;
				CLANG_ENABLE_OBJC_WEAK = YES;
				CLANG_WARN_BLOCK_CAPTURE_AUTORELEASING = YES;
				CLANG_WARN_BOOL_CONVERSION = YES;
				CLANG_WARN_COMMA = YES;
				CLANG_WARN_CONSTANT_CONVERSION = YES;
				CLANG_WARN_DEPRECATED_OBJC_IMPLEMENTATIONS = YES;
				CLANG_WARN_DIRECT_OBJC_ISA_USAGE = YES_ERROR;
				CLANG_WARN_DOCUMENTATION_COMMENTS = YES;
				CLANG_WARN_EMPTY_BODY = YES;
				CLANG_WARN_ENUM_CONVERSION = YES;
				CLANG_WARN_INFINITE_RECURSION = YES;
				CLANG_WARN_INT_CONVERSION = YES;
				CLANG_WARN_NON_LITERAL_NULL_CONVERSION = YES;
				CLANG_WARN_OBJC_IMPLICIT_RETAIN_SELF = YES;
				CLANG_WARN_OBJC_LITERAL_CONVERSION = YES;
				CLANG_WARN_OBJC_ROOT_CLASS = YES_ERROR;
				CLANG_WARN_QUOTED_INCLUDE_IN_FRAMEWORK_HEADER = YES;
				CLANG_WARN_RANGE_LOOP_ANALYSIS = YES;
				CLANG_WARN_STRICT_PROTOTYPES = YES;
				CLANG_WARN_SUSPICIOUS_MOVE = YES;
				CLANG_WARN_UNGUARDED_AVAILABILITY = YES_AGGRESSIVE;
				CLANG_WARN_UNREACHABLE_CODE = YES;
				CLANG_WARN__DUPLICATE_METHOD_MATCH = YES;
				COPY_PHASE_STRIP = NO;
				DEBUG_INFORMATION_FORMAT = "dwarf-with-dsym";
				ENABLE_NS_ASSERTIONS = NO;
				ENABLE_STRICT_OBJC_MSGSEND = YES;
				GCC_C_LANGUAGE_STANDARD = gnu11;
				GCC_NO_COMMON_BLOCKS = YES;
				GCC_WARN_64_TO_32_BIT_CONVERSION = YES;
				GCC_WARN_ABOUT_RETURN_TYPE = YES_ERROR;
				GCC_WARN_UNDECLARED_SELECTOR = YES;
				GCC_WARN_UNINITIALIZED_AUTOS = YES_AGGRESSIVE;
				GCC_WARN_UNUSED_FUNCTION = YES;
				GCC_WARN_UNUSED_VARIABLE = YES;
				IPHONEOS_DEPLOYMENT_TARGET = 16.0;
				MTL_ENABLE_DEBUG_INFO = NO;
				MTL_FAST_MATH = YES;
				SDKROOT = iphoneos;
				SWIFT_COMPILATION_MODE = wholemodule;
				SWIFT_OPTIMIZATION_LEVEL = "-O";
				VALIDATE_PRODUCT = YES;
			};
			name = Release;
		};
		0A281AC52945EE6C004A8D88 /* Debug */ = {
			isa = XCBuildConfiguration;
			buildSettings = {
				ASSETCATALOG_COMPILER_APPICON_NAME = AppIcon;
				ASSETCATALOG_COMPILER_GLOBAL_ACCENT_COLOR_NAME = AccentColor;
				CODE_SIGN_STYLE = Automatic;
				CURRENT_PROJECT_VERSION = 1;
				DEVELOPMENT_ASSET_PATHS = "\"Resolutionary/Preview Content\"";
				DEVELOPMENT_TEAM = RV78ENMXZ2;
				ENABLE_PREVIEWS = YES;
				GENERATE_INFOPLIST_FILE = YES;
				INFOPLIST_KEY_UIApplicationSceneManifest_Generation = YES;
				INFOPLIST_KEY_UIApplicationSupportsIndirectInputEvents = YES;
				INFOPLIST_KEY_UILaunchScreen_Generation = YES;
				INFOPLIST_KEY_UISupportedInterfaceOrientations = UIInterfaceOrientationPortrait;
				IPHONEOS_DEPLOYMENT_TARGET = 16.0;
				LD_RUNPATH_SEARCH_PATHS = (
					"$(inherited)",
					"@executable_path/Frameworks",
				);
				MARKETING_VERSION = 1.0;
				PRODUCT_BUNDLE_IDENTIFIER = luckdev.Resolutionary;
				PRODUCT_NAME = "$(TARGET_NAME)";
				SWIFT_EMIT_LOC_STRINGS = YES;
				SWIFT_VERSION = 5.0;
				TARGETED_DEVICE_FAMILY = "1,2";
			};
			name = Debug;
		};
		0A281AC62945EE6C004A8D88 /* Release */ = {
			isa = XCBuildConfiguration;
			buildSettings = {
				ASSETCATALOG_COMPILER_APPICON_NAME = AppIcon;
				ASSETCATALOG_COMPILER_GLOBAL_ACCENT_COLOR_NAME = AccentColor;
				CODE_SIGN_STYLE = Automatic;
				CURRENT_PROJECT_VERSION = 1;
				DEVELOPMENT_ASSET_PATHS = "\"Resolutionary/Preview Content\"";
				DEVELOPMENT_TEAM = RV78ENMXZ2;
				ENABLE_PREVIEWS = YES;
				GENERATE_INFOPLIST_FILE = YES;
				INFOPLIST_KEY_UIApplicationSceneManifest_Generation = YES;
				INFOPLIST_KEY_UIApplicationSupportsIndirectInputEvents = YES;
				INFOPLIST_KEY_UILaunchScreen_Generation = YES;
				INFOPLIST_KEY_UISupportedInterfaceOrientations = UIInterfaceOrientationPortrait;
				IPHONEOS_DEPLOYMENT_TARGET = 16.0;
				LD_RUNPATH_SEARCH_PATHS = (
					"$(inherited)",
					"@executable_path/Frameworks",
				);
				MARKETING_VERSION = 1.0;
				PRODUCT_BUNDLE_IDENTIFIER = luckdev.Resolutionary;
				PRODUCT_NAME = "$(TARGET_NAME)";
				SWIFT_EMIT_LOC_STRINGS = YES;
				SWIFT_VERSION = 5.0;
				TARGETED_DEVICE_FAMILY = "1,2";
			};
			name = Release;
		};
		0A281AC82945EE6C004A8D88 /* Debug */ = {
			isa = XCBuildConfiguration;
			buildSettings = {
				ALWAYS_EMBED_SWIFT_STANDARD_LIBRARIES = YES;
				BUNDLE_LOADER = "$(TEST_HOST)";
				CODE_SIGN_STYLE = Automatic;
				CURRENT_PROJECT_VERSION = 1;
				DEVELOPMENT_TEAM = RV78ENMXZ2;
				GENERATE_INFOPLIST_FILE = YES;
				IPHONEOS_DEPLOYMENT_TARGET = 16.0;
				MARKETING_VERSION = 1.0;
				PRODUCT_BUNDLE_IDENTIFIER = luckdev.ResolutionaryTests;
				PRODUCT_NAME = "$(TARGET_NAME)";
				SWIFT_EMIT_LOC_STRINGS = NO;
				SWIFT_VERSION = 5.0;
				TARGETED_DEVICE_FAMILY = "1,2";
				TEST_HOST = "$(BUILT_PRODUCTS_DIR)/Resolutionary.app/$(BUNDLE_EXECUTABLE_FOLDER_PATH)/Resolutionary";
			};
			name = Debug;
		};
		0A281AC92945EE6C004A8D88 /* Release */ = {
			isa = XCBuildConfiguration;
			buildSettings = {
				ALWAYS_EMBED_SWIFT_STANDARD_LIBRARIES = YES;
				BUNDLE_LOADER = "$(TEST_HOST)";
				CODE_SIGN_STYLE = Automatic;
				CURRENT_PROJECT_VERSION = 1;
				DEVELOPMENT_TEAM = RV78ENMXZ2;
				GENERATE_INFOPLIST_FILE = YES;
				IPHONEOS_DEPLOYMENT_TARGET = 16.0;
				MARKETING_VERSION = 1.0;
				PRODUCT_BUNDLE_IDENTIFIER = luckdev.ResolutionaryTests;
				PRODUCT_NAME = "$(TARGET_NAME)";
				SWIFT_EMIT_LOC_STRINGS = NO;
				SWIFT_VERSION = 5.0;
				TARGETED_DEVICE_FAMILY = "1,2";
				TEST_HOST = "$(BUILT_PRODUCTS_DIR)/Resolutionary.app/$(BUNDLE_EXECUTABLE_FOLDER_PATH)/Resolutionary";
			};
			name = Release;
		};
		0A281ACB2945EE6C004A8D88 /* Debug */ = {
			isa = XCBuildConfiguration;
			buildSettings = {
				ALWAYS_EMBED_SWIFT_STANDARD_LIBRARIES = YES;
				CODE_SIGN_STYLE = Automatic;
				CURRENT_PROJECT_VERSION = 1;
				DEVELOPMENT_TEAM = RV78ENMXZ2;
				GENERATE_INFOPLIST_FILE = YES;
				MARKETING_VERSION = 1.0;
				PRODUCT_BUNDLE_IDENTIFIER = luckdev.ResolutionaryUITests;
				PRODUCT_NAME = "$(TARGET_NAME)";
				SWIFT_EMIT_LOC_STRINGS = NO;
				SWIFT_VERSION = 5.0;
				TARGETED_DEVICE_FAMILY = "1,2";
				TEST_TARGET_NAME = Resolutionary;
			};
			name = Debug;
		};
		0A281ACC2945EE6C004A8D88 /* Release */ = {
			isa = XCBuildConfiguration;
			buildSettings = {
				ALWAYS_EMBED_SWIFT_STANDARD_LIBRARIES = YES;
				CODE_SIGN_STYLE = Automatic;
				CURRENT_PROJECT_VERSION = 1;
				DEVELOPMENT_TEAM = RV78ENMXZ2;
				GENERATE_INFOPLIST_FILE = YES;
				MARKETING_VERSION = 1.0;
				PRODUCT_BUNDLE_IDENTIFIER = luckdev.ResolutionaryUITests;
				PRODUCT_NAME = "$(TARGET_NAME)";
				SWIFT_EMIT_LOC_STRINGS = NO;
				SWIFT_VERSION = 5.0;
				TARGETED_DEVICE_FAMILY = "1,2";
				TEST_TARGET_NAME = Resolutionary;
			};
			name = Release;
		};
/* End XCBuildConfiguration section */

/* Begin XCConfigurationList section */
		0A281A9B2945EE69004A8D88 /* Build configuration list for PBXProject "Resolutionary" */ = {
			isa = XCConfigurationList;
			buildConfigurations = (
				0A281AC22945EE6C004A8D88 /* Debug */,
				0A281AC32945EE6C004A8D88 /* Release */,
			);
			defaultConfigurationIsVisible = 0;
			defaultConfigurationName = Release;
		};
		0A281AC42945EE6C004A8D88 /* Build configuration list for PBXNativeTarget "Resolutionary" */ = {
			isa = XCConfigurationList;
			buildConfigurations = (
				0A281AC52945EE6C004A8D88 /* Debug */,
				0A281AC62945EE6C004A8D88 /* Release */,
			);
			defaultConfigurationIsVisible = 0;
			defaultConfigurationName = Release;
		};
		0A281AC72945EE6C004A8D88 /* Build configuration list for PBXNativeTarget "ResolutionaryTests" */ = {
			isa = XCConfigurationList;
			buildConfigurations = (
				0A281AC82945EE6C004A8D88 /* Debug */,
				0A281AC92945EE6C004A8D88 /* Release */,
			);
			defaultConfigurationIsVisible = 0;
			defaultConfigurationName = Release;
		};
		0A281ACA2945EE6C004A8D88 /* Build configuration list for PBXNativeTarget "ResolutionaryUITests" */ = {
			isa = XCConfigurationList;
			buildConfigurations = (
				0A281ACB2945EE6C004A8D88 /* Debug */,
				0A281ACC2945EE6C004A8D88 /* Release */,
			);
			defaultConfigurationIsVisible = 0;
			defaultConfigurationName = Release;
		};
/* End XCConfigurationList section */
	};
	rootObject = 0A281A982945EE69004A8D88 /* Project object */;
}
